// !$*UTF8*$!
{
	archiveVersion = 1;
	classes = {
	};
	objectVersion = 48;
	objects = {

/* Begin PBXBuildFile section */
		8BADC614204059AA00903803 /* GoogleService-Info.plist in Resources */ = {isa = PBXBuildFile; fileRef = 8BADC613204059A900903803 /* GoogleService-Info.plist */; };
		8BE3FF412040194F009966B7 /* HomeViewController.swift in Sources */ = {isa = PBXBuildFile; fileRef = 8BE3FF402040194F009966B7 /* HomeViewController.swift */; };
		8BE3FF4520401998009966B7 /* ContactsViewController.swift in Sources */ = {isa = PBXBuildFile; fileRef = 8BE3FF4420401998009966B7 /* ContactsViewController.swift */; };
		8BE3FF47204019AA009966B7 /* SettingsViewController.swift in Sources */ = {isa = PBXBuildFile; fileRef = 8BE3FF46204019AA009966B7 /* SettingsViewController.swift */; };
		8BE3FF4D204029F9009966B7 /* ContactsTableViewCell.swift in Sources */ = {isa = PBXBuildFile; fileRef = 8BE3FF4B204029F9009966B7 /* ContactsTableViewCell.swift */; };
		8BE3FF4E204029F9009966B7 /* ContactsTableViewCell.xib in Resources */ = {isa = PBXBuildFile; fileRef = 8BE3FF4C204029F9009966B7 /* ContactsTableViewCell.xib */; };
		8BE3FF5120403C38009966B7 /* ContactTableViewCell.swift in Sources */ = {isa = PBXBuildFile; fileRef = 8BE3FF4F20403C38009966B7 /* ContactTableViewCell.swift */; };
		8BE3FF5220403C38009966B7 /* ContactTableViewCell.xib in Resources */ = {isa = PBXBuildFile; fileRef = 8BE3FF5020403C38009966B7 /* ContactTableViewCell.xib */; };
		8BE3FF5420404234009966B7 /* ContactInfoViewController.swift in Sources */ = {isa = PBXBuildFile; fileRef = 8BE3FF5320404234009966B7 /* ContactInfoViewController.swift */; };
		8BFC43C6203EB44900A0C3AF /* Utilites.swift in Sources */ = {isa = PBXBuildFile; fileRef = 8BFC43C5203EB44900A0C3AF /* Utilites.swift */; };
		93131D4920385C9600088155 /* AppDelegate.swift in Sources */ = {isa = PBXBuildFile; fileRef = 93131D4820385C9600088155 /* AppDelegate.swift */; };
		93131D4B20385C9600088155 /* LoginViewController.swift in Sources */ = {isa = PBXBuildFile; fileRef = 93131D4A20385C9600088155 /* LoginViewController.swift */; };
		93131D4E20385C9600088155 /* Main.storyboard in Resources */ = {isa = PBXBuildFile; fileRef = 93131D4C20385C9600088155 /* Main.storyboard */; };
		93131D5020385C9600088155 /* Assets.xcassets in Resources */ = {isa = PBXBuildFile; fileRef = 93131D4F20385C9600088155 /* Assets.xcassets */; };
		93131D5320385C9600088155 /* LaunchScreen.storyboard in Resources */ = {isa = PBXBuildFile; fileRef = 93131D5120385C9600088155 /* LaunchScreen.storyboard */; };
		934DA7EF203DCAB500527F0B /* UserModel.swift in Sources */ = {isa = PBXBuildFile; fileRef = 934DA7EE203DCAB500527F0B /* UserModel.swift */; };
		934DA7F1203DCF0F00527F0B /* SignInViewController.swift in Sources */ = {isa = PBXBuildFile; fileRef = 934DA7F0203DCF0F00527F0B /* SignInViewController.swift */; };
		934DA7F3203DD83300527F0B /* Constant.swift in Sources */ = {isa = PBXBuildFile; fileRef = 934DA7F2203DD83300527F0B /* Constant.swift */; };
		934DA7F6203DDFA700527F0B /* FireBaseHelper.swift in Sources */ = {isa = PBXBuildFile; fileRef = 934DA7F5203DDFA700527F0B /* FireBaseHelper.swift */; };
		936D27B42042F679008D9503 /* Defaults.swift in Sources */ = {isa = PBXBuildFile; fileRef = 936D27B32042F679008D9503 /* Defaults.swift */; };
		936D27B62042FC2F008D9503 /* StartUpViewController.swift in Sources */ = {isa = PBXBuildFile; fileRef = 936D27B52042FC2F008D9503 /* StartUpViewController.swift */; };
		9FA6CEF09C1F0D360DE94B1C /* Pods_My_Message.framework in Frameworks */ = {isa = PBXBuildFile; fileRef = 6329FF28AA1511B5D4DA0AD0 /* Pods_My_Message.framework */; };
/* End PBXBuildFile section */

/* Begin PBXFileReference section */
		2D7DA94DAEC79BAC069DF1DB /* Pods-My Message.release.xcconfig */ = {isa = PBXFileReference; includeInIndex = 1; lastKnownFileType = text.xcconfig; name = "Pods-My Message.release.xcconfig"; path = "Pods/Target Support Files/Pods-My Message/Pods-My Message.release.xcconfig"; sourceTree = "<group>"; };
		4201BAD7F2CD824AA213BF26 /* Pods-My Message.debug.xcconfig */ = {isa = PBXFileReference; includeInIndex = 1; lastKnownFileType = text.xcconfig; name = "Pods-My Message.debug.xcconfig"; path = "Pods/Target Support Files/Pods-My Message/Pods-My Message.debug.xcconfig"; sourceTree = "<group>"; };
		6329FF28AA1511B5D4DA0AD0 /* Pods_My_Message.framework */ = {isa = PBXFileReference; explicitFileType = wrapper.framework; includeInIndex = 0; path = Pods_My_Message.framework; sourceTree = BUILT_PRODUCTS_DIR; };
		8BADC613204059A900903803 /* GoogleService-Info.plist */ = {isa = PBXFileReference; fileEncoding = 4; lastKnownFileType = text.plist.xml; path = "GoogleService-Info.plist"; sourceTree = "<group>"; };
		8BE3FF402040194F009966B7 /* HomeViewController.swift */ = {isa = PBXFileReference; lastKnownFileType = sourcecode.swift; path = HomeViewController.swift; sourceTree = "<group>"; };
		8BE3FF4420401998009966B7 /* ContactsViewController.swift */ = {isa = PBXFileReference; lastKnownFileType = sourcecode.swift; path = ContactsViewController.swift; sourceTree = "<group>"; };
		8BE3FF46204019AA009966B7 /* SettingsViewController.swift */ = {isa = PBXFileReference; lastKnownFileType = sourcecode.swift; path = SettingsViewController.swift; sourceTree = "<group>"; };
		8BE3FF4B204029F9009966B7 /* ContactsTableViewCell.swift */ = {isa = PBXFileReference; lastKnownFileType = sourcecode.swift; path = ContactsTableViewCell.swift; sourceTree = "<group>"; };
		8BE3FF4C204029F9009966B7 /* ContactsTableViewCell.xib */ = {isa = PBXFileReference; lastKnownFileType = file.xib; path = ContactsTableViewCell.xib; sourceTree = "<group>"; };
		8BE3FF4F20403C38009966B7 /* ContactTableViewCell.swift */ = {isa = PBXFileReference; lastKnownFileType = sourcecode.swift; path = ContactTableViewCell.swift; sourceTree = "<group>"; };
		8BE3FF5020403C38009966B7 /* ContactTableViewCell.xib */ = {isa = PBXFileReference; lastKnownFileType = file.xib; path = ContactTableViewCell.xib; sourceTree = "<group>"; };
		8BE3FF5320404234009966B7 /* ContactInfoViewController.swift */ = {isa = PBXFileReference; lastKnownFileType = sourcecode.swift; path = ContactInfoViewController.swift; sourceTree = "<group>"; };
		8BFC43C5203EB44900A0C3AF /* Utilites.swift */ = {isa = PBXFileReference; lastKnownFileType = sourcecode.swift; path = Utilites.swift; sourceTree = "<group>"; };
		93131D4520385C9600088155 /* My Message.app */ = {isa = PBXFileReference; explicitFileType = wrapper.application; includeInIndex = 0; path = "My Message.app"; sourceTree = BUILT_PRODUCTS_DIR; };
		93131D4820385C9600088155 /* AppDelegate.swift */ = {isa = PBXFileReference; lastKnownFileType = sourcecode.swift; path = AppDelegate.swift; sourceTree = "<group>"; };
		93131D4A20385C9600088155 /* LoginViewController.swift */ = {isa = PBXFileReference; lastKnownFileType = sourcecode.swift; path = LoginViewController.swift; sourceTree = "<group>"; };
		93131D4D20385C9600088155 /* Base */ = {isa = PBXFileReference; lastKnownFileType = file.storyboard; name = Base; path = Base.lproj/Main.storyboard; sourceTree = "<group>"; };
		93131D4F20385C9600088155 /* Assets.xcassets */ = {isa = PBXFileReference; lastKnownFileType = folder.assetcatalog; path = Assets.xcassets; sourceTree = "<group>"; };
		93131D5220385C9600088155 /* Base */ = {isa = PBXFileReference; lastKnownFileType = file.storyboard; name = Base; path = Base.lproj/LaunchScreen.storyboard; sourceTree = "<group>"; };
		93131D5420385C9600088155 /* Info.plist */ = {isa = PBXFileReference; lastKnownFileType = text.plist.xml; path = Info.plist; sourceTree = "<group>"; };
		934DA7EE203DCAB500527F0B /* UserModel.swift */ = {isa = PBXFileReference; lastKnownFileType = sourcecode.swift; path = UserModel.swift; sourceTree = "<group>"; };
		934DA7F0203DCF0F00527F0B /* SignInViewController.swift */ = {isa = PBXFileReference; lastKnownFileType = sourcecode.swift; path = SignInViewController.swift; sourceTree = "<group>"; };
		934DA7F2203DD83300527F0B /* Constant.swift */ = {isa = PBXFileReference; lastKnownFileType = sourcecode.swift; path = Constant.swift; sourceTree = "<group>"; };
		934DA7F5203DDFA700527F0B /* FireBaseHelper.swift */ = {isa = PBXFileReference; lastKnownFileType = sourcecode.swift; path = FireBaseHelper.swift; sourceTree = "<group>"; };
		936D27B32042F679008D9503 /* Defaults.swift */ = {isa = PBXFileReference; lastKnownFileType = sourcecode.swift; path = Defaults.swift; sourceTree = "<group>"; };
		936D27B52042FC2F008D9503 /* StartUpViewController.swift */ = {isa = PBXFileReference; lastKnownFileType = sourcecode.swift; path = StartUpViewController.swift; sourceTree = "<group>"; };
/* End PBXFileReference section */

/* Begin PBXFrameworksBuildPhase section */
		93131D4220385C9600088155 /* Frameworks */ = {
			isa = PBXFrameworksBuildPhase;
			buildActionMask = 2147483647;
			files = (
				9FA6CEF09C1F0D360DE94B1C /* Pods_My_Message.framework in Frameworks */,
			);
			runOnlyForDeploymentPostprocessing = 0;
		};
/* End PBXFrameworksBuildPhase section */

/* Begin PBXGroup section */
		8BE3FF4A204029CD009966B7 /* Cells */ = {
			isa = PBXGroup;
			children = (
				8BE3FF4B204029F9009966B7 /* ContactsTableViewCell.swift */,
				8BE3FF4C204029F9009966B7 /* ContactsTableViewCell.xib */,
				8BE3FF4F20403C38009966B7 /* ContactTableViewCell.swift */,
				8BE3FF5020403C38009966B7 /* ContactTableViewCell.xib */,
			);
			path = Cells;
			sourceTree = "<group>";
		};
		8BFC43C4203EB42E00A0C3AF /* Utilities */ = {
			isa = PBXGroup;
			children = (
				8BFC43C5203EB44900A0C3AF /* Utilites.swift */,
			);
			path = Utilities;
			sourceTree = "<group>";
		};
		93131D3C20385C9600088155 = {
			isa = PBXGroup;
			children = (
				93131D4720385C9600088155 /* My Message */,
				93131D4620385C9600088155 /* Products */,
				C5F9E792264FB6277C43CAD3 /* Pods */,
				BC0B38689550D95FDE54AFE3 /* Frameworks */,
			);
			sourceTree = "<group>";
		};
		93131D4620385C9600088155 /* Products */ = {
			isa = PBXGroup;
			children = (
				93131D4520385C9600088155 /* My Message.app */,
			);
			name = Products;
			sourceTree = "<group>";
		};
		93131D4720385C9600088155 /* My Message */ = {
			isa = PBXGroup;
			children = (
				8BFC43C4203EB42E00A0C3AF /* Utilities */,
				934DA7EC203DAA2200527F0B /* Support Files */,
				934DA7F4203DDF8500527F0B /* API */,
				934DA7EB203DAA1800527F0B /* Models */,
				934DA7ED203DAA4900527F0B /* Views */,
				934DA7EA203DAA0D00527F0B /* Contollers */,
				93131D5420385C9600088155 /* Info.plist */,
				8BADC613204059A900903803 /* GoogleService-Info.plist */,
			);
			path = "My Message";
			sourceTree = "<group>";
		};
		934DA7EA203DAA0D00527F0B /* Contollers */ = {
			isa = PBXGroup;
			children = (
				93131D4820385C9600088155 /* AppDelegate.swift */,
				93131D4A20385C9600088155 /* LoginViewController.swift */,
				934DA7F0203DCF0F00527F0B /* SignInViewController.swift */,
				8BE3FF402040194F009966B7 /* HomeViewController.swift */,
				8BE3FF4420401998009966B7 /* ContactsViewController.swift */,
				8BE3FF46204019AA009966B7 /* SettingsViewController.swift */,
				8BE3FF5320404234009966B7 /* ContactInfoViewController.swift */,
				936D27B52042FC2F008D9503 /* StartUpViewController.swift */,
			);
			path = Contollers;
			sourceTree = "<group>";
		};
		934DA7EB203DAA1800527F0B /* Models */ = {
			isa = PBXGroup;
			children = (
				934DA7EE203DCAB500527F0B /* UserModel.swift */,
			);
			path = Models;
			sourceTree = "<group>";
		};
		934DA7EC203DAA2200527F0B /* Support Files */ = {
			isa = PBXGroup;
			children = (
				93131D4F20385C9600088155 /* Assets.xcassets */,
				934DA7F2203DD83300527F0B /* Constant.swift */,
				936D27B32042F679008D9503 /* Defaults.swift */,
			);
			path = "Support Files";
			sourceTree = "<group>";
		};
		934DA7ED203DAA4900527F0B /* Views */ = {
			isa = PBXGroup;
			children = (
				8BE3FF4A204029CD009966B7 /* Cells */,
				93131D4C20385C9600088155 /* Main.storyboard */,
				93131D5120385C9600088155 /* LaunchScreen.storyboard */,
			);
			path = Views;
			sourceTree = "<group>";
		};
		934DA7F4203DDF8500527F0B /* API */ = {
			isa = PBXGroup;
			children = (
				934DA7F5203DDFA700527F0B /* FireBaseHelper.swift */,
			);
			path = API;
			sourceTree = "<group>";
		};
		BC0B38689550D95FDE54AFE3 /* Frameworks */ = {
			isa = PBXGroup;
			children = (
				6329FF28AA1511B5D4DA0AD0 /* Pods_My_Message.framework */,
			);
			name = Frameworks;
			sourceTree = "<group>";
		};
		C5F9E792264FB6277C43CAD3 /* Pods */ = {
			isa = PBXGroup;
			children = (
				4201BAD7F2CD824AA213BF26 /* Pods-My Message.debug.xcconfig */,
				2D7DA94DAEC79BAC069DF1DB /* Pods-My Message.release.xcconfig */,
			);
			name = Pods;
			sourceTree = "<group>";
		};
/* End PBXGroup section */

/* Begin PBXNativeTarget section */
		93131D4420385C9600088155 /* My Message */ = {
			isa = PBXNativeTarget;
			buildConfigurationList = 93131D5720385C9600088155 /* Build configuration list for PBXNativeTarget "My Message" */;
			buildPhases = (
				51CBAF8507B748D09721676F /* [CP] Check Pods Manifest.lock */,
				93131D4120385C9600088155 /* Sources */,
				93131D4220385C9600088155 /* Frameworks */,
				93131D4320385C9600088155 /* Resources */,
				12EECDCF235D3A0741D080E0 /* [CP] Embed Pods Frameworks */,
				3728FEDD452782AB00F051DE /* [CP] Copy Pods Resources */,
			);
			buildRules = (
			);
			dependencies = (
			);
			name = "My Message";
			productName = "My Message";
			productReference = 93131D4520385C9600088155 /* My Message.app */;
			productType = "com.apple.product-type.application";
		};
/* End PBXNativeTarget section */

/* Begin PBXProject section */
		93131D3D20385C9600088155 /* Project object */ = {
			isa = PBXProject;
			attributes = {
				LastSwiftUpdateCheck = 0920;
				LastUpgradeCheck = 0920;
				ORGANIZATIONNAME = "Nikola Popovic";
				TargetAttributes = {
					93131D4420385C9600088155 = {
						CreatedOnToolsVersion = 9.2;
						ProvisioningStyle = Automatic;
					};
				};
			};
			buildConfigurationList = 93131D4020385C9600088155 /* Build configuration list for PBXProject "My Message" */;
			compatibilityVersion = "Xcode 8.0";
			developmentRegion = en;
			hasScannedForEncodings = 0;
			knownRegions = (
				en,
				Base,
			);
			mainGroup = 93131D3C20385C9600088155;
			productRefGroup = 93131D4620385C9600088155 /* Products */;
			projectDirPath = "";
			projectRoot = "";
			targets = (
				93131D4420385C9600088155 /* My Message */,
			);
		};
/* End PBXProject section */

/* Begin PBXResourcesBuildPhase section */
		93131D4320385C9600088155 /* Resources */ = {
			isa = PBXResourcesBuildPhase;
			buildActionMask = 2147483647;
			files = (
				8BE3FF5220403C38009966B7 /* ContactTableViewCell.xib in Resources */,
				93131D5320385C9600088155 /* LaunchScreen.storyboard in Resources */,
				93131D5020385C9600088155 /* Assets.xcassets in Resources */,
				93131D4E20385C9600088155 /* Main.storyboard in Resources */,
				8BE3FF4E204029F9009966B7 /* ContactsTableViewCell.xib in Resources */,
				8BADC614204059AA00903803 /* GoogleService-Info.plist in Resources */,
			);
			runOnlyForDeploymentPostprocessing = 0;
		};
/* End PBXResourcesBuildPhase section */

/* Begin PBXShellScriptBuildPhase section */
		12EECDCF235D3A0741D080E0 /* [CP] Embed Pods Frameworks */ = {
			isa = PBXShellScriptBuildPhase;
			buildActionMask = 2147483647;
			files = (
			);
			inputPaths = (
				"${SRCROOT}/Pods/Target Support Files/Pods-My Message/Pods-My Message-frameworks.sh",
				"${BUILT_PRODUCTS_DIR}/GTMSessionFetcher/GTMSessionFetcher.framework",
				"${BUILT_PRODUCTS_DIR}/GoogleToolboxForMac/GoogleToolboxForMac.framework",
				"${BUILT_PRODUCTS_DIR}/SVProgressHUD/SVProgressHUD.framework",
				"${BUILT_PRODUCTS_DIR}/TPKeyboardAvoiding/TPKeyboardAvoiding.framework",
				"${BUILT_PRODUCTS_DIR}/leveldb-library/leveldb.framework",
				"${BUILT_PRODUCTS_DIR}/nanopb/nanopb.framework",
			);
			name = "[CP] Embed Pods Frameworks";
			outputPaths = (
				"${TARGET_BUILD_DIR}/${FRAMEWORKS_FOLDER_PATH}/GTMSessionFetcher.framework",
				"${TARGET_BUILD_DIR}/${FRAMEWORKS_FOLDER_PATH}/GoogleToolboxForMac.framework",
				"${TARGET_BUILD_DIR}/${FRAMEWORKS_FOLDER_PATH}/SVProgressHUD.framework",
				"${TARGET_BUILD_DIR}/${FRAMEWORKS_FOLDER_PATH}/TPKeyboardAvoiding.framework",
				"${TARGET_BUILD_DIR}/${FRAMEWORKS_FOLDER_PATH}/leveldb.framework",
				"${TARGET_BUILD_DIR}/${FRAMEWORKS_FOLDER_PATH}/nanopb.framework",
			);
			runOnlyForDeploymentPostprocessing = 0;
			shellPath = /bin/sh;
			shellScript = "\"${SRCROOT}/Pods/Target Support Files/Pods-My Message/Pods-My Message-frameworks.sh\"\n";
			showEnvVarsInLog = 0;
		};
		3728FEDD452782AB00F051DE /* [CP] Copy Pods Resources */ = {
			isa = PBXShellScriptBuildPhase;
			buildActionMask = 2147483647;
			files = (
			);
			inputPaths = (
			);
			name = "[CP] Copy Pods Resources";
			outputPaths = (
			);
			runOnlyForDeploymentPostprocessing = 0;
			shellPath = /bin/sh;
			shellScript = "\"${SRCROOT}/Pods/Target Support Files/Pods-My Message/Pods-My Message-resources.sh\"\n";
			showEnvVarsInLog = 0;
		};
		51CBAF8507B748D09721676F /* [CP] Check Pods Manifest.lock */ = {
			isa = PBXShellScriptBuildPhase;
			buildActionMask = 2147483647;
			files = (
			);
			inputPaths = (
				"${PODS_PODFILE_DIR_PATH}/Podfile.lock",
				"${PODS_ROOT}/Manifest.lock",
			);
			name = "[CP] Check Pods Manifest.lock";
			outputPaths = (
				"$(DERIVED_FILE_DIR)/Pods-My Message-checkManifestLockResult.txt",
			);
			runOnlyForDeploymentPostprocessing = 0;
			shellPath = /bin/sh;
			shellScript = "diff \"${PODS_PODFILE_DIR_PATH}/Podfile.lock\" \"${PODS_ROOT}/Manifest.lock\" > /dev/null\nif [ $? != 0 ] ; then\n    # print error to STDERR\n    echo \"error: The sandbox is not in sync with the Podfile.lock. Run 'pod install' or update your CocoaPods installation.\" >&2\n    exit 1\nfi\n# This output is used by Xcode 'outputs' to avoid re-running this script phase.\necho \"SUCCESS\" > \"${SCRIPT_OUTPUT_FILE_0}\"\n";
			showEnvVarsInLog = 0;
		};
/* End PBXShellScriptBuildPhase section */

/* Begin PBXSourcesBuildPhase section */
		93131D4120385C9600088155 /* Sources */ = {
			isa = PBXSourcesBuildPhase;
			buildActionMask = 2147483647;
			files = (
				8BE3FF5120403C38009966B7 /* ContactTableViewCell.swift in Sources */,
				936D27B42042F679008D9503 /* Defaults.swift in Sources */,
				8BE3FF4D204029F9009966B7 /* ContactsTableViewCell.swift in Sources */,
				934DA7F1203DCF0F00527F0B /* SignInViewController.swift in Sources */,
				8BE3FF5420404234009966B7 /* ContactInfoViewController.swift in Sources */,
				93131D4B20385C9600088155 /* LoginViewController.swift in Sources */,
				934DA7F3203DD83300527F0B /* Constant.swift in Sources */,
				8BE3FF47204019AA009966B7 /* SettingsViewController.swift in Sources */,
				8BE3FF412040194F009966B7 /* HomeViewController.swift in Sources */,
				934DA7EF203DCAB500527F0B /* UserModel.swift in Sources */,
				936D27B62042FC2F008D9503 /* StartUpViewController.swift in Sources */,
				8BE3FF4520401998009966B7 /* ContactsViewController.swift in Sources */,
				934DA7F6203DDFA700527F0B /* FireBaseHelper.swift in Sources */,
				93131D4920385C9600088155 /* AppDelegate.swift in Sources */,
				8BFC43C6203EB44900A0C3AF /* Utilites.swift in Sources */,
			);
			runOnlyForDeploymentPostprocessing = 0;
		};
/* End PBXSourcesBuildPhase section */

/* Begin PBXVariantGroup section */
		93131D4C20385C9600088155 /* Main.storyboard */ = {
			isa = PBXVariantGroup;
			children = (
				93131D4D20385C9600088155 /* Base */,
			);
			name = Main.storyboard;
			sourceTree = "<group>";
		};
		93131D5120385C9600088155 /* LaunchScreen.storyboard */ = {
			isa = PBXVariantGroup;
			children = (
				93131D5220385C9600088155 /* Base */,
			);
			name = LaunchScreen.storyboard;
			sourceTree = "<group>";
		};
/* End PBXVariantGroup section */

/* Begin XCBuildConfiguration section */
		93131D5520385C9600088155 /* Debug */ = {
			isa = XCBuildConfiguration;
			buildSettings = {
				ALWAYS_SEARCH_USER_PATHS = NO;
				CLANG_ANALYZER_NONNULL = YES;
				CLANG_ANALYZER_NUMBER_OBJECT_CONVERSION = YES_AGGRESSIVE;
				CLANG_CXX_LANGUAGE_STANDARD = "gnu++14";
				CLANG_CXX_LIBRARY = "libc++";
				CLANG_ENABLE_MODULES = YES;
				CLANG_ENABLE_OBJC_ARC = YES;
				CLANG_WARN_BLOCK_CAPTURE_AUTORELEASING = YES;
				CLANG_WARN_BOOL_CONVERSION = YES;
				CLANG_WARN_COMMA = YES;
				CLANG_WARN_CONSTANT_CONVERSION = YES;
				CLANG_WARN_DIRECT_OBJC_ISA_USAGE = YES_ERROR;
				CLANG_WARN_DOCUMENTATION_COMMENTS = YES;
				CLANG_WARN_EMPTY_BODY = YES;
				CLANG_WARN_ENUM_CONVERSION = YES;
				CLANG_WARN_INFINITE_RECURSION = YES;
				CLANG_WARN_INT_CONVERSION = YES;
				CLANG_WARN_NON_LITERAL_NULL_CONVERSION = YES;
				CLANG_WARN_OBJC_LITERAL_CONVERSION = YES;
				CLANG_WARN_OBJC_ROOT_CLASS = YES_ERROR;
				CLANG_WARN_RANGE_LOOP_ANALYSIS = YES;
				CLANG_WARN_STRICT_PROTOTYPES = YES;
				CLANG_WARN_SUSPICIOUS_MOVE = YES;
				CLANG_WARN_UNGUARDED_AVAILABILITY = YES_AGGRESSIVE;
				CLANG_WARN_UNREACHABLE_CODE = YES;
				CLANG_WARN__DUPLICATE_METHOD_MATCH = YES;
				CODE_SIGN_IDENTITY = "iPhone Developer";
				COPY_PHASE_STRIP = NO;
				DEBUG_INFORMATION_FORMAT = dwarf;
				ENABLE_STRICT_OBJC_MSGSEND = YES;
				ENABLE_TESTABILITY = YES;
				GCC_C_LANGUAGE_STANDARD = gnu11;
				GCC_DYNAMIC_NO_PIC = NO;
				GCC_NO_COMMON_BLOCKS = YES;
				GCC_OPTIMIZATION_LEVEL = 0;
				GCC_PREPROCESSOR_DEFINITIONS = (
					"DEBUG=1",
					"$(inherited)",
				);
				GCC_WARN_64_TO_32_BIT_CONVERSION = YES;
				GCC_WARN_ABOUT_RETURN_TYPE = YES_ERROR;
				GCC_WARN_UNDECLARED_SELECTOR = YES;
				GCC_WARN_UNINITIALIZED_AUTOS = YES_AGGRESSIVE;
				GCC_WARN_UNUSED_FUNCTION = YES;
				GCC_WARN_UNUSED_VARIABLE = YES;
				IPHONEOS_DEPLOYMENT_TARGET = 11.2;
				MTL_ENABLE_DEBUG_INFO = YES;
				ONLY_ACTIVE_ARCH = YES;
				SDKROOT = iphoneos;
				SWIFT_ACTIVE_COMPILATION_CONDITIONS = DEBUG;
				SWIFT_OPTIMIZATION_LEVEL = "-Onone";
			};
			name = Debug;
		};
		93131D5620385C9600088155 /* Release */ = {
			isa = XCBuildConfiguration;
			buildSettings = {
				ALWAYS_SEARCH_USER_PATHS = NO;
				CLANG_ANALYZER_NONNULL = YES;
				CLANG_ANALYZER_NUMBER_OBJECT_CONVERSION = YES_AGGRESSIVE;
				CLANG_CXX_LANGUAGE_STANDARD = "gnu++14";
				CLANG_CXX_LIBRARY = "libc++";
				CLANG_ENABLE_MODULES = YES;
				CLANG_ENABLE_OBJC_ARC = YES;
				CLANG_WARN_BLOCK_CAPTURE_AUTORELEASING = YES;
				CLANG_WARN_BOOL_CONVERSION = YES;
				CLANG_WARN_COMMA = YES;
				CLANG_WARN_CONSTANT_CONVERSION = YES;
				CLANG_WARN_DIRECT_OBJC_ISA_USAGE = YES_ERROR;
				CLANG_WARN_DOCUMENTATION_COMMENTS = YES;
				CLANG_WARN_EMPTY_BODY = YES;
				CLANG_WARN_ENUM_CONVERSION = YES;
				CLANG_WARN_INFINITE_RECURSION = YES;
				CLANG_WARN_INT_CONVERSION = YES;
				CLANG_WARN_NON_LITERAL_NULL_CONVERSION = YES;
				CLANG_WARN_OBJC_LITERAL_CONVERSION = YES;
				CLANG_WARN_OBJC_ROOT_CLASS = YES_ERROR;
				CLANG_WARN_RANGE_LOOP_ANALYSIS = YES;
				CLANG_WARN_STRICT_PROTOTYPES = YES;
				CLANG_WARN_SUSPICIOUS_MOVE = YES;
				CLANG_WARN_UNGUARDED_AVAILABILITY = YES_AGGRESSIVE;
				CLANG_WARN_UNREACHABLE_CODE = YES;
				CLANG_WARN__DUPLICATE_METHOD_MATCH = YES;
				CODE_SIGN_IDENTITY = "iPhone Developer";
				COPY_PHASE_STRIP = NO;
				DEBUG_INFORMATION_FORMAT = "dwarf-with-dsym";
				ENABLE_NS_ASSERTIONS = NO;
				ENABLE_STRICT_OBJC_MSGSEND = YES;
				GCC_C_LANGUAGE_STANDARD = gnu11;
				GCC_NO_COMMON_BLOCKS = YES;
				GCC_WARN_64_TO_32_BIT_CONVERSION = YES;
				GCC_WARN_ABOUT_RETURN_TYPE = YES_ERROR;
				GCC_WARN_UNDECLARED_SELECTOR = YES;
				GCC_WARN_UNINITIALIZED_AUTOS = YES_AGGRESSIVE;
				GCC_WARN_UNUSED_FUNCTION = YES;
				GCC_WARN_UNUSED_VARIABLE = YES;
				IPHONEOS_DEPLOYMENT_TARGET = 11.2;
				MTL_ENABLE_DEBUG_INFO = NO;
				SDKROOT = iphoneos;
				SWIFT_OPTIMIZATION_LEVEL = "-Owholemodule";
				VALIDATE_PRODUCT = YES;
			};
			name = Release;
		};
		93131D5820385C9600088155 /* Debug */ = {
			isa = XCBuildConfiguration;
			baseConfigurationReference = 4201BAD7F2CD824AA213BF26 /* Pods-My Message.debug.xcconfig */;
			buildSettings = {
				ASSETCATALOG_COMPILER_APPICON_NAME = AppIcon;
				CODE_SIGN_STYLE = Automatic;
				DEVELOPMENT_TEAM = 44E7YEX743;
				INFOPLIST_FILE = "My Message/Info.plist";
				IPHONEOS_DEPLOYMENT_TARGET = 9.0;
				LD_RUNPATH_SEARCH_PATHS = "$(inherited) @executable_path/Frameworks";
				PRODUCT_BUNDLE_IDENTIFIER = "Nikola-Popovic.My-Message";
				PRODUCT_NAME = "$(TARGET_NAME)";
				SWIFT_VERSION = 4.0;
				TARGETED_DEVICE_FAMILY = 1;
			};
			name = Debug;
		};
		93131D5920385C9600088155 /* Release */ = {
			isa = XCBuildConfiguration;
			baseConfigurationReference = 2D7DA94DAEC79BAC069DF1DB /* Pods-My Message.release.xcconfig */;
			buildSettings = {
				ASSETCATALOG_COMPILER_APPICON_NAME = AppIcon;
				CODE_SIGN_STYLE = Automatic;
				DEVELOPMENT_TEAM = 44E7YEX743;
				INFOPLIST_FILE = "My Message/Info.plist";
				IPHONEOS_DEPLOYMENT_TARGET = 9.0;
				LD_RUNPATH_SEARCH_PATHS = "$(inherited) @executable_path/Frameworks";
				PRODUCT_BUNDLE_IDENTIFIER = "Nikola-Popovic.My-Message";
				PRODUCT_NAME = "$(TARGET_NAME)";
				SWIFT_VERSION = 4.0;
				TARGETED_DEVICE_FAMILY = 1;
			};
			name = Release;
		};
/* End XCBuildConfiguration section */

/* Begin XCConfigurationList section */
		93131D4020385C9600088155 /* Build configuration list for PBXProject "My Message" */ = {
			isa = XCConfigurationList;
			buildConfigurations = (
				93131D5520385C9600088155 /* Debug */,
				93131D5620385C9600088155 /* Release */,
			);
			defaultConfigurationIsVisible = 0;
			defaultConfigurationName = Release;
		};
		93131D5720385C9600088155 /* Build configuration list for PBXNativeTarget "My Message" */ = {
			isa = XCConfigurationList;
			buildConfigurations = (
				93131D5820385C9600088155 /* Debug */,
				93131D5920385C9600088155 /* Release */,
			);
			defaultConfigurationIsVisible = 0;
			defaultConfigurationName = Release;
		};
/* End XCConfigurationList section */
	};
	rootObject = 93131D3D20385C9600088155 /* Project object */;
}
